// !$*UTF8*$!
{
	archiveVersion = 1;
	classes = {
	};
	objectVersion = 50;
	objects = {

/* Begin PBXBuildFile section */
		FC29B6E822159651008FC753 /* AppDelegate.swift in Sources */ = {isa = PBXBuildFile; fileRef = FC29B6E722159651008FC753 /* AppDelegate.swift */; };
		FC29B6EA22159651008FC753 /* ViewController.swift in Sources */ = {isa = PBXBuildFile; fileRef = FC29B6E922159651008FC753 /* ViewController.swift */; };
		FC29B6ED22159651008FC753 /* Main.storyboard in Resources */ = {isa = PBXBuildFile; fileRef = FC29B6EB22159651008FC753 /* Main.storyboard */; };
		FC29B6EF22159652008FC753 /* Assets.xcassets in Resources */ = {isa = PBXBuildFile; fileRef = FC29B6EE22159652008FC753 /* Assets.xcassets */; };
		FC29B6F222159652008FC753 /* LaunchScreen.storyboard in Resources */ = {isa = PBXBuildFile; fileRef = FC29B6F022159652008FC753 /* LaunchScreen.storyboard */; };
		FC29B6FE22159A8B008FC753 /* underweight.png in Resources */ = {isa = PBXBuildFile; fileRef = FC29B6F922159A8B008FC753 /* underweight.png */; };
		FC29B6FF22159A8B008FC753 /* BMI.png in Resources */ = {isa = PBXBuildFile; fileRef = FC29B6FA22159A8B008FC753 /* BMI.png */; };
		FC29B70022159A8B008FC753 /* healthy.png in Resources */ = {isa = PBXBuildFile; fileRef = FC29B6FB22159A8B008FC753 /* healthy.png */; };
		FC29B70122159A8B008FC753 /* obese.png in Resources */ = {isa = PBXBuildFile; fileRef = FC29B6FC22159A8B008FC753 /* obese.png */; };
		FC29B70222159A8B008FC753 /* overweight.png in Resources */ = {isa = PBXBuildFile; fileRef = FC29B6FD22159A8B008FC753 /* overweight.png */; };
/* End PBXBuildFile section */

/* Begin PBXFileReference section */
		FC29B6E422159651008FC753 /* BMI.app */ = {isa = PBXFileReference; explicitFileType = wrapper.application; includeInIndex = 0; path = BMI.app; sourceTree = BUILT_PRODUCTS_DIR; };
		FC29B6E722159651008FC753 /* AppDelegate.swift */ = {isa = PBXFileReference; lastKnownFileType = sourcecode.swift; path = AppDelegate.swift; sourceTree = "<group>"; };
		FC29B6E922159651008FC753 /* ViewController.swift */ = {isa = PBXFileReference; lastKnownFileType = sourcecode.swift; path = ViewController.swift; sourceTree = "<group>"; };
		FC29B6EC22159651008FC753 /* Base */ = {isa = PBXFileReference; lastKnownFileType = file.storyboard; name = Base; path = Base.lproj/Main.storyboard; sourceTree = "<group>"; };
		FC29B6EE22159652008FC753 /* Assets.xcassets */ = {isa = PBXFileReference; lastKnownFileType = folder.assetcatalog; path = Assets.xcassets; sourceTree = "<group>"; };
		FC29B6F122159652008FC753 /* Base */ = {isa = PBXFileReference; lastKnownFileType = file.storyboard; name = Base; path = Base.lproj/LaunchScreen.storyboard; sourceTree = "<group>"; };
		FC29B6F322159652008FC753 /* Info.plist */ = {isa = PBXFileReference; lastKnownFileType = text.plist.xml; path = Info.plist; sourceTree = "<group>"; };
		FC29B6F922159A8B008FC753 /* underweight.png */ = {isa = PBXFileReference; lastKnownFileType = image.png; path = underweight.png; sourceTree = "<group>"; };
		FC29B6FA22159A8B008FC753 /* BMI.png */ = {isa = PBXFileReference; lastKnownFileType = image.png; path = BMI.png; sourceTree = "<group>"; };
		FC29B6FB22159A8B008FC753 /* healthy.png */ = {isa = PBXFileReference; lastKnownFileType = image.png; path = healthy.png; sourceTree = "<group>"; };
		FC29B6FC22159A8B008FC753 /* obese.png */ = {isa = PBXFileReference; lastKnownFileType = image.png; path = obese.png; sourceTree = "<group>"; };
		FC29B6FD22159A8B008FC753 /* overweight.png */ = {isa = PBXFileReference; lastKnownFileType = image.png; path = overweight.png; sourceTree = "<group>"; };
/* End PBXFileReference section */

/* Begin PBXFrameworksBuildPhase section */
		FC29B6E122159651008FC753 /* Frameworks */ = {
			isa = PBXFrameworksBuildPhase;
			buildActionMask = 2147483647;
			files = (
			);
			runOnlyForDeploymentPostprocessing = 0;
		};
/* End PBXFrameworksBuildPhase section */

/* Begin PBXGroup section */
		FC29B6DB22159651008FC753 = {
			isa = PBXGroup;
			children = (
				FC29B6E622159651008FC753 /* BMI */,
				FC29B6E522159651008FC753 /* Products */,
			);
			sourceTree = "<group>";
		};
		FC29B6E522159651008FC753 /* Products */ = {
			isa = PBXGroup;
			children = (
				FC29B6E422159651008FC753 /* BMI.app */,
			);
			name = Products;
			sourceTree = "<group>";
		};
		FC29B6E622159651008FC753 /* BMI */ = {
			isa = PBXGroup;
			children = (
				FC29B6E722159651008FC753 /* AppDelegate.swift */,
				FC29B6E922159651008FC753 /* ViewController.swift */,
				FC29B6EB22159651008FC753 /* Main.storyboard */,
				FC29B6EE22159652008FC753 /* Assets.xcassets */,
				FC29B6F022159652008FC753 /* LaunchScreen.storyboard */,
				FC29B6F322159652008FC753 /* Info.plist */,
				FC29B6FA22159A8B008FC753 /* BMI.png */,
				FC29B6FB22159A8B008FC753 /* healthy.png */,
				FC29B6FC22159A8B008FC753 /* obese.png */,
				FC29B6FD22159A8B008FC753 /* overweight.png */,
				FC29B6F922159A8B008FC753 /* underweight.png */,
			);
			path = BMI;
			sourceTree = "<group>";
		};
/* End PBXGroup section */

/* Begin PBXNativeTarget section */
		FC29B6E322159651008FC753 /* BMI */ = {
			isa = PBXNativeTarget;
			buildConfigurationList = FC29B6F622159652008FC753 /* Build configuration list for PBXNativeTarget "BMI" */;
			buildPhases = (
				FC29B6E022159651008FC753 /* Sources */,
				FC29B6E122159651008FC753 /* Frameworks */,
				FC29B6E222159651008FC753 /* Resources */,
			);
			buildRules = (
			);
			dependencies = (
			);
			name = BMI;
			productName = BMI;
			productReference = FC29B6E422159651008FC753 /* BMI.app */;
			productType = "com.apple.product-type.application";
		};
/* End PBXNativeTarget section */

/* Begin PBXProject section */
		FC29B6DC22159651008FC753 /* Project object */ = {
			isa = PBXProject;
			attributes = {
				LastSwiftUpdateCheck = 1010;
				LastUpgradeCheck = 1010;
				ORGANIZATIONNAME = "Patiphan Srisook";
				TargetAttributes = {
					FC29B6E322159651008FC753 = {
						CreatedOnToolsVersion = 10.1;
					};
				};
			};
			buildConfigurationList = FC29B6DF22159651008FC753 /* Build configuration list for PBXProject "BMI" */;
			compatibilityVersion = "Xcode 9.3";
			developmentRegion = en;
			hasScannedForEncodings = 0;
			knownRegions = (
				en,
				Base,
			);
			mainGroup = FC29B6DB22159651008FC753;
			productRefGroup = FC29B6E522159651008FC753 /* Products */;
			projectDirPath = "";
			projectRoot = "";
			targets = (
				FC29B6E322159651008FC753 /* BMI */,
			);
		};
/* End PBXProject section */

/* Begin PBXResourcesBuildPhase section */
		FC29B6E222159651008FC753 /* Resources */ = {
			isa = PBXResourcesBuildPhase;
			buildActionMask = 2147483647;
			files = (
				FC29B70122159A8B008FC753 /* obese.png in Resources */,
				FC29B6FF22159A8B008FC753 /* BMI.png in Resources */,
				FC29B70022159A8B008FC753 /* healthy.png in Resources */,
				FC29B6FE22159A8B008FC753 /* underweight.png in Resources */,
				FC29B6F222159652008FC753 /* LaunchScreen.storyboard in Resources */,
				FC29B70222159A8B008FC753 /* overweight.png in Resources */,
				FC29B6EF22159652008FC753 /* Assets.xcassets in Resources */,
				FC29B6ED22159651008FC753 /* Main.storyboard in Resources */,
			);
			runOnlyForDeploymentPostprocessing = 0;
		};
/* End PBXResourcesBuildPhase section */

/* Begin PBXSourcesBuildPhase section */
		FC29B6E022159651008FC753 /* Sources */ = {
			isa = PBXSourcesBuildPhase;
			buildActionMask = 2147483647;
			files = (
				FC29B6EA22159651008FC753 /* ViewController.swift in Sources */,
				FC29B6E822159651008FC753 /* AppDelegate.swift in Sources */,
			);
			runOnlyForDeploymentPostprocessing = 0;
		};
/* End PBXSourcesBuildPhase section */

/* Begin PBXVariantGroup section */
		FC29B6EB22159651008FC753 /* Main.storyboard */ = {
			isa = PBXVariantGroup;
			children = (
				FC29B6EC22159651008FC753 /* Base */,
			);
			name = Main.storyboard;
			sourceTree = "<group>";
		};
		FC29B6F022159652008FC753 /* LaunchScreen.storyboard */ = {
			isa = PBXVariantGroup;
			children = (
				FC29B6F122159652008FC753 /* Base */,
			);
			name = LaunchScreen.storyboard;
			sourceTree = "<group>";
		};
/* End PBXVariantGroup section */

/* Begin XCBuildConfiguration section */
		FC29B6F422159652008FC753 /* Debug */ = {
			isa = XCBuildConfiguration;
			buildSettings = {
				ALWAYS_SEARCH_USER_PATHS = NO;
				CLANG_ANALYZER_NONNULL = YES;
				CLANG_ANALYZER_NUMBER_OBJECT_CONVERSION = YES_AGGRESSIVE;
				CLANG_CXX_LANGUAGE_STANDARD = "gnu++14";
				CLANG_CXX_LIBRARY = "libc++";
				CLANG_ENABLE_MODULES = YES;
				CLANG_ENABLE_OBJC_ARC = YES;
				CLANG_ENABLE_OBJC_WEAK = YES;
				CLANG_WARN_BLOCK_CAPTURE_AUTORELEASING = YES;
				CLANG_WARN_BOOL_CONVERSION = YES;
				CLANG_WARN_COMMA = YES;
				CLANG_WARN_CONSTANT_CONVERSION = YES;
				CLANG_WARN_DEPRECATED_OBJC_IMPLEMENTATIONS = YES;
				CLANG_WARN_DIRECT_OBJC_ISA_USAGE = YES_ERROR;
				CLANG_WARN_DOCUMENTATION_COMMENTS = YES;
				CLANG_WARN_EMPTY_BODY = YES;
				CLANG_WARN_ENUM_CONVERSION = YES;
				CLANG_WARN_INFINITE_RECURSION = YES;
				CLANG_WARN_INT_CONVERSION = YES;
				CLANG_WARN_NON_LITERAL_NULL_CONVERSION = YES;
				CLANG_WARN_OBJC_IMPLICIT_RETAIN_SELF = YES;
				CLANG_WARN_OBJC_LITERAL_CONVERSION = YES;
				CLANG_WARN_OBJC_ROOT_CLASS = YES_ERROR;
				CLANG_WARN_RANGE_LOOP_ANALYSIS = YES;
				CLANG_WARN_STRICT_PROTOTYPES = YES;
				CLANG_WARN_SUSPICIOUS_MOVE = YES;
				CLANG_WARN_UNGUARDED_AVAILABILITY = YES_AGGRESSIVE;
				CLANG_WARN_UNREACHABLE_CODE = YES;
				CLANG_WARN__DUPLICATE_METHOD_MATCH = YES;
				CODE_SIGN_IDENTITY = "iPhone Developer";
				COPY_PHASE_STRIP = NO;
				DEBUG_INFORMATION_FORMAT = dwarf;
				ENABLE_STRICT_OBJC_MSGSEND = YES;
				ENABLE_TESTABILITY = YES;
				GCC_C_LANGUAGE_STANDARD = gnu11;
				GCC_DYNAMIC_NO_PIC = NO;
				GCC_NO_COMMON_BLOCKS = YES;
				GCC_OPTIMIZATION_LEVEL = 0;
				GCC_PREPROCESSOR_DEFINITIONS = (
					"DEBUG=1",
					"$(inherited)",
				);
				GCC_WARN_64_TO_32_BIT_CONVERSION = YES;
				GCC_WARN_ABOUT_RETURN_TYPE = YES_ERROR;
				GCC_WARN_UNDECLARED_SELECTOR = YES;
				GCC_WARN_UNINITIALIZED_AUTOS = YES_AGGRESSIVE;
				GCC_WARN_UNUSED_FUNCTION = YES;
				GCC_WARN_UNUSED_VARIABLE = YES;
				IPHONEOS_DEPLOYMENT_TARGET = 12.1;
				MTL_ENABLE_DEBUG_INFO = INCLUDE_SOURCE;
				MTL_FAST_MATH = YES;
				ONLY_ACTIVE_ARCH = YES;
				SDKROOT = iphoneos;
				SWIFT_ACTIVE_COMPILATION_CONDITIONS = DEBUG;
				SWIFT_OPTIMIZATION_LEVEL = "-Onone";
			};
			name = Debug;
		};
		FC29B6F522159652008FC753 /* Release */ = {
			isa = XCBuildConfiguration;
			buildSettings = {
				ALWAYS_SEARCH_USER_PATHS = NO;
				CLANG_ANALYZER_NONNULL = YES;
				CLANG_ANALYZER_NUMBER_OBJECT_CONVERSION = YES_AGGRESSIVE;
				CLANG_CXX_LANGUAGE_STANDARD = "gnu++14";
				CLANG_CXX_LIBRARY = "libc++";
				CLANG_ENABLE_MODULES = YES;
				CLANG_ENABLE_OBJC_ARC = YES;
				CLANG_ENABLE_OBJC_WEAK = YES;
				CLANG_WARN_BLOCK_CAPTURE_AUTORELEASING = YES;
				CLANG_WARN_BOOL_CONVERSION = YES;
				CLANG_WARN_COMMA = YES;
				CLANG_WARN_CONSTANT_CONVERSION = YES;
				CLANG_WARN_DEPRECATED_OBJC_IMPLEMENTATIONS = YES;
				CLANG_WARN_DIRECT_OBJC_ISA_USAGE = YES_ERROR;
				CLANG_WARN_DOCUMENTATION_COMMENTS = YES;
				CLANG_WARN_EMPTY_BODY = YES;
				CLANG_WARN_ENUM_CONVERSION = YES;
				CLANG_WARN_INFINITE_RECURSION = YES;
				CLANG_WARN_INT_CONVERSION = YES;
				CLANG_WARN_NON_LITERAL_NULL_CONVERSION = YES;
				CLANG_WARN_OBJC_IMPLICIT_RETAIN_SELF = YES;
				CLANG_WARN_OBJC_LITERAL_CONVERSION = YES;
				CLANG_WARN_OBJC_ROOT_CLASS = YES_ERROR;
				CLANG_WARN_RANGE_LOOP_ANALYSIS = YES;
				CLANG_WARN_STRICT_PROTOTYPES = YES;
				CLANG_WARN_SUSPICIOUS_MOVE = YES;
				CLANG_WARN_UNGUARDED_AVAILABILITY = YES_AGGRESSIVE;
				CLANG_WARN_UNREACHABLE_CODE = YES;
				CLANG_WARN__DUPLICATE_METHOD_MATCH = YES;
				CODE_SIGN_IDENTITY = "iPhone Developer";
				COPY_PHASE_STRIP = NO;
				DEBUG_INFORMATION_FORMAT = "dwarf-with-dsym";
				ENABLE_NS_ASSERTIONS = NO;
				ENABLE_STRICT_OBJC_MSGSEND = YES;
				GCC_C_LANGUAGE_STANDARD = gnu11;
				GCC_NO_COMMON_BLOCKS = YES;
				GCC_WARN_64_TO_32_BIT_CONVERSION = YES;
				GCC_WARN_ABOUT_RETURN_TYPE = YES_ERROR;
				GCC_WARN_UNDECLARED_SELECTOR = YES;
				GCC_WARN_UNINITIALIZED_AUTOS = YES_AGGRESSIVE;
				GCC_WARN_UNUSED_FUNCTION = YES;
				GCC_WARN_UNUSED_VARIABLE = YES;
				IPHONEOS_DEPLOYMENT_TARGET = 12.1;
				MTL_ENABLE_DEBUG_INFO = NO;
				MTL_FAST_MATH = YES;
				SDKROOT = iphoneos;
				SWIFT_COMPILATION_MODE = wholemodule;
				SWIFT_OPTIMIZATION_LEVEL = "-O";
				VALIDATE_PRODUCT = YES;
			};
			name = Release;
		};
		FC29B6F722159652008FC753 /* Debug */ = {
			isa = XCBuildConfiguration;
			buildSettings = {
				ASSETCATALOG_COMPILER_APPICON_NAME = AppIcon;
				CODE_SIGN_STYLE = Automatic;
				DEVELOPMENT_TEAM = RT44NCJNJ3;
				INFOPLIST_FILE = BMI/Info.plist;
				LD_RUNPATH_SEARCH_PATHS = (
					"$(inherited)",
					"@executable_path/Frameworks",
				);
				PRODUCT_BUNDLE_IDENTIFIER = com.patiphan.BMI;
				PRODUCT_NAME = "$(TARGET_NAME)";
				SWIFT_VERSION = 4.2;
				TARGETED_DEVICE_FAMILY = "1,2";
			};
			name = Debug;
		};
		FC29B6F822159652008FC753 /* Release */ = {
			isa = XCBuildConfiguration;
			buildSettings = {
				ASSETCATALOG_COMPILER_APPICON_NAME = AppIcon;
				CODE_SIGN_STYLE = Automatic;
				DEVELOPMENT_TEAM = RT44NCJNJ3;
				INFOPLIST_FILE = BMI/Info.plist;
				LD_RUNPATH_SEARCH_PATHS = (
					"$(inherited)",
					"@executable_path/Frameworks",
				);
				PRODUCT_BUNDLE_IDENTIFIER = com.patiphan.BMI;
				PRODUCT_NAME = "$(TARGET_NAME)";
				SWIFT_VERSION = 4.2;
				TARGETED_DEVICE_FAMILY = "1,2";
			};
			name = Release;
		};
/* End XCBuildConfiguration section */

/* Begin XCConfigurationList section */
		FC29B6DF22159651008FC753 /* Build configuration list for PBXProject "BMI" */ = {
			isa = XCConfigurationList;
			buildConfigurations = (
				FC29B6F422159652008FC753 /* Debug */,
				FC29B6F522159652008FC753 /* Release */,
			);
			defaultConfigurationIsVisible = 0;
			defaultConfigurationName = Release;
		};
		FC29B6F622159652008FC753 /* Build configuration list for PBXNativeTarget "BMI" */ = {
			isa = XCConfigurationList;
			buildConfigurations = (
				FC29B6F722159652008FC753 /* Debug */,
				FC29B6F822159652008FC753 /* Release */,
			);
			defaultConfigurationIsVisible = 0;
			defaultConfigurationName = Release;
		};
/* End XCConfigurationList section */
	};
	rootObject = FC29B6DC22159651008FC753 /* Project object */;
}
